
Microsoft Visual Studio Solution File, Format Version 12.00
# Visual Studio Version 17
VisualStudioVersion = 17.7.34003.232
MinimumVisualStudioVersion = 10.0.40219.1
Project("{FAE04EC0-301F-11D3-BF4B-00C04F79EFBC}") = "Word_Sorting", "Word_Sorting.csproj", "{164D9CEB-FF5C-4CD0-A18B-DCF148C93A68}"
EndProject
Global
	GlobalSection(SolutionConfigurationPlatforms) = preSolution
		Debug|Any CPU = Debug|Any CPU
		Release|Any CPU = Release|Any CPU
	EndGlobalSection
	GlobalSection(ProjectConfigurationPlatforms) = postSolution
		{164D9CEB-FF5C-4CD0-A18B-DCF148C93A68}.Debug|Any CPU.ActiveCfg = Debug|Any CPU
		{164D9CEB-FF5C-4CD0-A18B-DCF148C93A68}.Debug|Any CPU.Build.0 = Debug|Any CPU
		{164D9CEB-FF5C-4CD0-A18B-DCF148C93A68}.Release|Any CPU.ActiveCfg = Release|Any CPU
		{164D9CEB-FF5C-4CD0-A18B-DCF148C93A68}.Release|Any CPU.Build.0 = Release|Any CPU
	EndGlobalSection
	GlobalSection(SolutionProperties) = preSolution
		HideSolutionNode = FALSE
	EndGlobalSection
	GlobalSection(ExtensibilityGlobals) = postSolution
		SolutionGuid = {57602D6F-C8FD-48A8-82EF-05017ACA49AA}
	EndGlobalSection
EndGlobal
