
Microsoft Visual Studio Solution File, Format Version 12.00
# Visual Studio Version 17
VisualStudioVersion = 17.7.34003.232
MinimumVisualStudioVersion = 10.0.40219.1
Project("{FAE04EC0-301F-11D3-BF4B-00C04F79EFBC}") = "Word_Letter_Counter", "Word_Letter_Counter.csproj", "{9CEF7F73-5A20-40F7-A908-4BF2A8E0ACFB}"
EndProject
Global
	GlobalSection(SolutionConfigurationPlatforms) = preSolution
		Debug|Any CPU = Debug|Any CPU
		Release|Any CPU = Release|Any CPU
	EndGlobalSection
	GlobalSection(ProjectConfigurationPlatforms) = postSolution
		{9CEF7F73-5A20-40F7-A908-4BF2A8E0ACFB}.Debug|Any CPU.ActiveCfg = Debug|Any CPU
		{9CEF7F73-5A20-40F7-A908-4BF2A8E0ACFB}.Debug|Any CPU.Build.0 = Debug|Any CPU
		{9CEF7F73-5A20-40F7-A908-4BF2A8E0ACFB}.Release|Any CPU.ActiveCfg = Release|Any CPU
		{9CEF7F73-5A20-40F7-A908-4BF2A8E0ACFB}.Release|Any CPU.Build.0 = Release|Any CPU
	EndGlobalSection
	GlobalSection(SolutionProperties) = preSolution
		HideSolutionNode = FALSE
	EndGlobalSection
	GlobalSection(ExtensibilityGlobals) = postSolution
		SolutionGuid = {916CED7D-DBFA-4872-8C84-AF6277E18067}
	EndGlobalSection
EndGlobal
